hash: ff6546d654a9323673bf65b30364f73ce21dd10fde19124ebf53cbd1d74dec85
updated: 2016-03-29T22:54:15.840498496+01:00
imports:
- name: git.eclipse.org/gitroot/paho/org.eclipse.paho.mqtt.golang.git
  version: ""
- name: github.com/barnybug/go-cast
  version: 7adb11dbcadbfdde51d7ec60802fe963c21f6192
  subpackages:
  - discovery
  - events
  - controllers
  - log
  - net
  - api
- name: github.com/barnybug/gofsm
  version: 227b680d0bcd6e91d538f57b59e500910dd5fe04
- name: github.com/barnybug/gogsmmodem
  version: 227b680d0bcd6e91d538f57b59e500910dd5fe04
- name: github.com/barnybug/gorfxtrx
  version: 227b680d0bcd6e91d538f57b59e500910dd5fe04
- name: github.com/chbmuc/lirc
  version: 227b680d0bcd6e91d538f57b59e500910dd5fe04
- name: github.com/droundy/goopt
  version: 227b680d0bcd6e91d538f57b59e500910dd5fe04
- name: github.com/garyburd/redigo
  version: 227b680d0bcd6e91d538f57b59e500910dd5fe04
  subpackages:
  - redis
  - internal
- name: github.com/gdamore/mangos
  version: 227b680d0bcd6e91d538f57b59e500910dd5fe04
  subpackages:
  - protocol/pub
  - protocol/sub
  - transport/inproc
  - transport/tcp
- name: github.com/gogo/protobuf
  version: 227b680d0bcd6e91d538f57b59e500910dd5fe04
  subpackages:
  - proto
- name: github.com/gorilla/context
  version: 227b680d0bcd6e91d538f57b59e500910dd5fe04
- name: github.com/gorilla/handlers
  version: 227b680d0bcd6e91d538f57b59e500910dd5fe04
- name: github.com/gorilla/mux
  version: 227b680d0bcd6e91d538f57b59e500910dd5fe04
- name: github.com/hashicorp/go.net
  version: 227b680d0bcd6e91d538f57b59e500910dd5fe04
  subpackages:
  - ipv4
  - ipv6
  - internal/iana
- name: github.com/hashicorp/mdns
  version: 227b680d0bcd6e91d538f57b59e500910dd5fe04
- name: github.com/kurrik/json
  version: 227b680d0bcd6e91d538f57b59e500910dd5fe04
- name: github.com/kurrik/oauth1a
  version: 227b680d0bcd6e91d538f57b59e500910dd5fe04
- name: github.com/kurrik/twittergo
  version: 227b680d0bcd6e91d538f57b59e500910dd5fe04
- name: github.com/mattn/go-xmpp
  version: 227b680d0bcd6e91d538f57b59e500910dd5fe04
- name: github.com/miekg/dns
  version: 227b680d0bcd6e91d538f57b59e500910dd5fe04
- name: github.com/nlopes/slack
  version: 227b680d0bcd6e91d538f57b59e500910dd5fe04
- name: github.com/pborman/uuid
  version: 227b680d0bcd6e91d538f57b59e500910dd5fe04
- name: github.com/stampzilla/gocast
  version: 227b680d0bcd6e91d538f57b59e500910dd5fe04
  repo: git@github.com:barnybug/gocast.git
  vcs: git
- name: github.com/tarm/goserial
  version: 227b680d0bcd6e91d538f57b59e500910dd5fe04
- name: golang.org/x/net
  version: 227b680d0bcd6e91d538f57b59e500910dd5fe04
  subpackages:
  - context
  - websocket
- name: golang.org/x/text
  version: 227b680d0bcd6e91d538f57b59e500910dd5fe04
- name: gopkg.in/v1/yaml
  version: 227b680d0bcd6e91d538f57b59e500910dd5fe04
- name: gopkg.in/yaml.v1
  version: 227b680d0bcd6e91d538f57b59e500910dd5fe04
  repo: https://gopkg.in/yaml.v1
  vcs: git
devImports: []
