hash: f610a6205093e8ea5199b0e612887183dc2f6807ae0a010a71c0bc08d9b6a43a
updated: 2016-03-07T22:11:21.265916435Z
imports:
- name: git.eclipse.org/gitroot/paho/org.eclipse.paho.mqtt.golang.git
  version: ""
- name: github.com/barnybug/gofsm
  version: baa88b13ca00aa88f2fa2a69f7eb006dfb357119
- name: github.com/barnybug/gogsmmodem
  version: baa88b13ca00aa88f2fa2a69f7eb006dfb357119
- name: github.com/barnybug/gorfxtrx
  version: baa88b13ca00aa88f2fa2a69f7eb006dfb357119
- name: github.com/chbmuc/lirc
  version: f5796a80dd2b16ffa1cbc5317b3d420af1547de8
- name: github.com/davecgh/go-spew
  version: 5215b55f46b2b919f50a1df0eaa5886afe4e3b3d
  subpackages:
  - spew
- name: github.com/droundy/goopt
  version: baa88b13ca00aa88f2fa2a69f7eb006dfb357119
- name: github.com/garyburd/redigo
  version: baa88b13ca00aa88f2fa2a69f7eb006dfb357119
  subpackages:
  - redis
  - internal
- name: github.com/gdamore/mangos
  version: baa88b13ca00aa88f2fa2a69f7eb006dfb357119
  subpackages:
  - protocol/pub
  - protocol/sub
  - transport/inproc
  - transport/tcp
- name: github.com/gogo/protobuf
  version: f4cc07910fc38f5b6b8d6e75d7457cf504157b6c
  subpackages:
  - proto
- name: github.com/gorilla/context
  version: baa88b13ca00aa88f2fa2a69f7eb006dfb357119
- name: github.com/gorilla/handlers
  version: baa88b13ca00aa88f2fa2a69f7eb006dfb357119
- name: github.com/gorilla/mux
  version: baa88b13ca00aa88f2fa2a69f7eb006dfb357119
- name: github.com/hashicorp/go.net
  version: 104dcad90073cd8d1e6828b2af19185b60cf3e29
  subpackages:
  - ipv4
  - ipv6
  - internal/iana
- name: github.com/hashicorp/mdns
  version: 9d85cf22f9f8d53cb5c81c1b2749f438b2ee333f
- name: github.com/kurrik/json
  version: baa88b13ca00aa88f2fa2a69f7eb006dfb357119
- name: github.com/kurrik/oauth1a
  version: baa88b13ca00aa88f2fa2a69f7eb006dfb357119
- name: github.com/kurrik/twittergo
  version: baa88b13ca00aa88f2fa2a69f7eb006dfb357119
- name: github.com/mattn/go-xmpp
  version: baa88b13ca00aa88f2fa2a69f7eb006dfb357119
- name: github.com/miekg/dns
  version: 4adf880b0237527fe9e86701c412d6906e5fcf9c
- name: github.com/nlopes/slack
  version: baa88b13ca00aa88f2fa2a69f7eb006dfb357119
- name: github.com/pborman/uuid
  version: baa88b13ca00aa88f2fa2a69f7eb006dfb357119
- name: github.com/stampzilla/gocast
  version: 1aa533d07b0b5cc160a0e5a6e180630c0f01c82b
  repo: git@github.com:barnybug/gocast.git
  vcs: git
  subpackages:
  - api
  - events
  - handlers
- name: github.com/tarm/goserial
  version: baa88b13ca00aa88f2fa2a69f7eb006dfb357119
- name: golang.org/x/net
  version: baa88b13ca00aa88f2fa2a69f7eb006dfb357119
  subpackages:
  - websocket
- name: golang.org/x/text
  version: baa88b13ca00aa88f2fa2a69f7eb006dfb357119
- name: gopkg.in/v1/yaml
  version: baa88b13ca00aa88f2fa2a69f7eb006dfb357119
- name: gopkg.in/yaml.v1
  version: 9f9df34309c04878acc86042b16630b0f696e1de
  repo: https://gopkg.in/yaml.v1
  vcs: git
devImports: []
