github.com/Knetic/govaluate v3.0.0+incompatible h1:7o6+MAPhYTCF0+fdvoz1xDedhRb4f6s9Tn1Tt7/WTEg=
github.com/Knetic/govaluate v3.0.0+incompatible/go.mod h1:r7JcOSlj0wfOMncg0iLm8Leh48TZaKVeNIfJntJ2wa0=
github.com/RangelReale/osin v1.0.1 h1:JcqBe8ljQq9WQJPtioXGxBWyIcfuVMw0BX6yJ9E4HKw=
github.com/RangelReale/osin v1.0.1/go.mod h1:k/PH1SjZDitJDtK3zHm/XZRi+bRz6i3rhx9qE9p54CY=
github.com/barnybug/ener314 v0.0.0-20170310204508-64f8fd2e5639 h1:yLHc1tnmexz73vYbyQAsEjywax2+5RvTeWQ112Iom34=
github.com/barnybug/ener314 v0.0.0-20170310204508-64f8fd2e5639/go.mod h1:ff9EL/0HUSbNGMqNkXG5Ft8C/KfSv42X7XqSw3knVh4=
github.com/barnybug/go-broadlink v0.0.0-20191016201756-9f0701ad476f h1:PbzHtpko2xXDeEBcgXQ/Exl57Gc+0inwE8+BdGOSXF8=
github.com/barnybug/go-broadlink v0.0.0-20191016201756-9f0701ad476f/go.mod h1:s+R3fRJqOn5iJM0CQTman7cszrTxqaUKUow5uyLTXFQ=
github.com/barnybug/go-broadlink v0.0.0-20191016204422-66ac56b4bf8e h1:3sLlHEBKJ/ZJ/4iyowRw1C8f+/+8FFIqqvIuG05eZLs=
github.com/barnybug/go-broadlink v0.0.0-20191016204422-66ac56b4bf8e/go.mod h1:s+R3fRJqOn5iJM0CQTman7cszrTxqaUKUow5uyLTXFQ=
github.com/barnybug/go-broadlink v0.0.0-20191017075455-9262f4fc8488 h1:gzcvrzw3XxXxVpilpKFyClOMYDTnK/u6WZy7FQwAeFA=
github.com/barnybug/go-broadlink v0.0.0-20191017075455-9262f4fc8488/go.mod h1:s+R3fRJqOn5iJM0CQTman7cszrTxqaUKUow5uyLTXFQ=
github.com/barnybug/go-broadlink v0.0.0-20200425212238-aaecb95c791c h1:/i6XdlhlDp15unvwXEEJPAEICXuiDQwRkUGzZwSBU/s=
github.com/barnybug/go-broadlink v0.0.0-20200425212238-aaecb95c791c/go.mod h1:Iit0ktp6YLMECWxQbIR0VEpsbAIbBJM9n6etoV/wmsU=
github.com/barnybug/go-broadlink v0.0.0-20200426065427-3831b3d2c486 h1:6IEENzj3DcmOjtsF1O4YlqPxxvIc3Ho6XWExQdmSBrs=
github.com/barnybug/go-broadlink v0.0.0-20200426065427-3831b3d2c486/go.mod h1:Iit0ktp6YLMECWxQbIR0VEpsbAIbBJM9n6etoV/wmsU=
github.com/barnybug/go-broadlink v0.0.0-20200426075412-fb8b5c5ee90e h1:fJPuVTlmQ6KFFHghRXHqoODbwBGjIeLfJ76ffV/kxZI=
github.com/barnybug/go-broadlink v0.0.0-20200426075412-fb8b5c5ee90e/go.mod h1:Iit0ktp6YLMECWxQbIR0VEpsbAIbBJM9n6etoV/wmsU=
github.com/barnybug/go-cast v0.0.0-20170213204855-3896d2c05eb1 h1:0AtHf6gP2F4HCJu14JVygUagbD6BzUwY1N010hkOr/k=
github.com/barnybug/go-cast v0.0.0-20170213204855-3896d2c05eb1/go.mod h1:a0BMCP1cILkrVyN1md3tv0IH3NMelzmBKHHPSDNLyFs=
github.com/barnybug/gofsm v0.0.0-20180416160415-037635228e60 h1:FbbGvuodILQ3/U7wDxK9me9gu3uayeVaDV3XUdRdpSE=
github.com/barnybug/gofsm v0.0.0-20180416160415-037635228e60/go.mod h1:8KKdMUUTRm+CRiweB0iuY8voj2R8WrO9kRxaY/wlpQ4=
github.com/barnybug/gofsm v0.0.0-20191107182434-63b866209683 h1:Hhrhc21Bsfw4FThZAJ/0iTW97k4scmxFeP1XAlX4x7w=
github.com/barnybug/gofsm v0.0.0-20191107182434-63b866209683/go.mod h1:8KKdMUUTRm+CRiweB0iuY8voj2R8WrO9kRxaY/wlpQ4=
github.com/barnybug/gogsmmodem v0.0.0-20170503201841-a49dbc25a146 h1:4SVrcBtZf8xaAAnVLTDrNi6g2T/Ikq6zS8Jy7CaknPo=
github.com/barnybug/gogsmmodem v0.0.0-20170503201841-a49dbc25a146/go.mod h1:ygRhdpuzn1CUOOUnMbhXQ4UfHKeEEPTvpNcIj4SO+WA=
github.com/barnybug/gorfxtrx v0.0.0-20190313200345-fab70020949d h1:aevgnoqhJgelJaOLUqwTDzXVAZNEQ84skTeI29Fyq9o=
github.com/barnybug/gorfxtrx v0.0.0-20190313200345-fab70020949d/go.mod h1:vGfufSVvFEDxZNel47pRC8PjecRw9zMT4i0wEJzFRyc=
github.com/barnybug/gorfxtrx v0.0.0-20190905200316-0c4514bd3ca7 h1:piie6HX3xkwQeKQ/nPx3Vy9MckJdpxE5NfVawx4hpOA=
github.com/barnybug/gorfxtrx v0.0.0-20190905200316-0c4514bd3ca7/go.mod h1:vkgXls79dfeUXi50lYE9jjLCJPzTRdmpOGuujU6Rsjg=
github.com/barnybug/miflora v0.0.0-20190206202408-36c55fde159f h1:H7nVY9Sk8TLg6NAsLYIjj4nNHbcgskGysJN56IENWes=
github.com/barnybug/miflora v0.0.0-20190206202408-36c55fde159f/go.mod h1:emo0XuZuFlREoK2Lyqk4xHboCs3O+4FwihWwP0tHwuU=
github.com/chbmuc/lirc v0.0.0-20150702183631-f5796a80dd2b h1:i8K874dgs0m4A98xPutUOAsxYCQxXvEeaW986Wv5vQY=
github.com/chbmuc/lirc v0.0.0-20150702183631-f5796a80dd2b/go.mod h1:9zpQpkg+zE2TAzAEgMAwdr0bTwjdj4kcHo9yNCVK770=
github.com/davecgh/go-spew v1.1.0 h1:ZDRjVQ15GmhC3fiQ8ni8+OwkZQO4DARzQgrnXU1Liz8=
github.com/davecgh/go-spew v1.1.0/go.mod h1:J7Y8YcW2NihsgmVo/mv3lAwl/skON4iLHjSsI+c5H38=
github.com/eclipse/paho.mqtt.golang v1.0.0 h1:SIqh8vC6gWMF+bNWzWh3QUMu+uNlLFkjo2PN9LkJXCE=
github.com/eclipse/paho.mqtt.golang v1.0.0/go.mod h1:H9keYFcgq3Qr5OUJm/JZI/i6U7joQ8SYLhZwfeOo6Ts=
github.com/edgard/yeelight v0.0.0-20170904135826-c32a2f3eb57c h1:7vE5ognXm/DhrsiU30OkfsLwyfEK5zJm+4d212Or4R4=
github.com/edgard/yeelight v0.0.0-20170904135826-c32a2f3eb57c/go.mod h1:kC1kz1LCD5A15eD66QZ9GSEV/pjoro/TjQFTPBrqooc=
github.com/go-telegram-bot-api/telegram-bot-api v4.6.4+incompatible h1:2cauKuaELYAEARXRkq2LrJ0yDDv1rW7+wrTEdVL3uaU=
github.com/go-telegram-bot-api/telegram-bot-api v4.6.4+incompatible/go.mod h1:qf9acutJ8cwBUhm1bqgz6Bei9/C/c93FPDljKWwsOgM=
github.com/gogo/protobuf v0.0.0-20160305141414-f4cc07910fc3 h1:HNuhKcVmKPyNp1qCfd3vyw5VgngIJB2egy8w9r8aTFM=
github.com/gogo/protobuf v0.0.0-20160305141414-f4cc07910fc3/go.mod h1:r8qH/GZQm5c6nD/R0oafs1akxWv10x8SbQlK7atdtwQ=
github.com/google/uuid v1.1.0 h1:Jf4mxPC/ziBnoPIdpQdPJ9OeiomAUHLvxmPRSPH9m4s=
github.com/google/uuid v1.1.0/go.mod h1:TIyPZe4MgqvfeYDBFedMoGGpEw/LqOeaOT+nhxU+yHo=
github.com/gorilla/context v0.0.0-20140522220343-1f3e8a46c5bb h1:1GWjMcanmPl58qxCgMTjO/qj2/bAIsOGttKfrK97OAg=
github.com/gorilla/context v0.0.0-20140522220343-1f3e8a46c5bb/go.mod h1:kBGZzfjB9CEq2AlWe17Uuf7NDRt0dE0s8S51q0aT7Yg=
github.com/gorilla/mux v0.0.0-20140527234147-0ef595e787ef h1:QyET/LoVRJZdCNojvpmXrjiWSr99F9C1sHIIw0BGeIc=
github.com/gorilla/mux v0.0.0-20140527234147-0ef595e787ef/go.mod h1:1lud6UwP+6orDFRuTfBEV8e9/aOM/c4fVVCaMa2zaAs=
github.com/hashicorp/go.net v0.0.0-20151006203346-104dcad90073 h1:9dodOMuH6u7LvPEkVydBv6KTHdm+SqsHOxHTzRW+1+w=
github.com/hashicorp/go.net v0.0.0-20151006203346-104dcad90073/go.mod h1:hjKkEWcCURg++eb33jQU7oqQcI9XDCnUzHA0oac0k90=
github.com/hashicorp/mdns v0.0.0-20170221172940-4e527d9d8081 h1:/pNDn8qvhSGfrxx3oB7FAZtmT2h3WeTbDx8j0RdzPTE=
github.com/hashicorp/mdns v0.0.0-20170221172940-4e527d9d8081/go.mod h1:aa76Av3qgPeIQp9Y3qIkTBPieQYNkQ13Kxe7pze9Wb0=
github.com/kurrik/json v0.0.0-20140724225315-f63ef626c5ff h1:zXCKNv3Jb6kspDX0JvIp6WWU8X6++5edpZ3j+5x3Oe0=
github.com/kurrik/json v0.0.0-20140724225315-f63ef626c5ff/go.mod h1:ZhjzzmPSR5Cle8U2t0IVStjrBO05O7rrQ6e6xryCez4=
github.com/kurrik/oauth1a v0.0.0-20151019171716-cb1b80e32dd4 h1:hGX8e8fDuWmCOQEneaHtuiqiy1NsBnZW2G6lxitngus=
github.com/kurrik/oauth1a v0.0.0-20151019171716-cb1b80e32dd4/go.mod h1:8buhLMuecANgNgxrsQynWlNt03oXr1B/v2xbuRSrnEc=
github.com/kurrik/twittergo v0.0.0-20150522053940-c62b9397a628 h1:ivQCogJrtiBakmMAz6RM5kBo46RmXS3nPlPL9LrX+Rw=
github.com/kurrik/twittergo v0.0.0-20150522053940-c62b9397a628/go.mod h1:8LXjN6yItBbjlBtxMRLCfWK46yaoqRignovBZnyTiQ4=
github.com/mattn/go-xmpp v0.0.0-20170423100754-906d9d747d2b h1:Q9s9PRlh2my2ijeUdi6rvKOYPMCPyKRHMPPTVGwWVQM=
github.com/mattn/go-xmpp v0.0.0-20170423100754-906d9d747d2b/go.mod h1:Cs5mF0OsrRRmhkyOod//ldNPOwJsrBvJ+1WRspv0xoc=
github.com/mdlayher/apcupsd v0.0.0-20160907034522-888a66ab0fe0 h1:NWcAJsSiHbS5jx2FGmWVrG1I/CBdtnrZ+Najh9N57S8=
github.com/mdlayher/apcupsd v0.0.0-20160907034522-888a66ab0fe0/go.mod h1:z2AH3Geh6Nz5IuwotKtAT1DccTkHPJ+pApQS49q4+eA=
github.com/miekg/dns v0.0.0-20170525221906-0c23f842c83e h1:qEede2nVYD8Y2gehkNTu9Dt6+CnbOSGkXah+nRuveQk=
github.com/miekg/dns v0.0.0-20170525221906-0c23f842c83e/go.mod h1:W1PPwlIAgtquWBMBEV9nkV9Cazfe8ScdGz/Lj7v3Nrg=
github.com/mitsuse/pushbullet-go v0.1.0 h1:W9izHOpz8uilRBgbYSnqb+LZK/l8Ad4slRTCBFpItG0=
github.com/mitsuse/pushbullet-go v0.1.0/go.mod h1:sJ6Y3IROSfSQNLY/8gtYjq4Gs49DFnrxaqxQA6DVgnM=
github.com/nlopes/slack v0.0.0-20170604215958-f243c7602fdf h1:GXPpPQ2dQFe313/HhMjusefSoi8VgWMvWnp5Oucbh3Q=
github.com/nlopes/slack v0.0.0-20170604215958-f243c7602fdf/go.mod h1:jVI4BBK3lSktibKahxBF74txcK2vyvkza1z/+rRnVAM=
github.com/pborman/uuid v0.0.0-20180906182336-adf5a7427709 h1:zNBQb37RGLmJybyMcs983HfUfpkw9OTFD9tbBfAViHE=
github.com/pborman/uuid v0.0.0-20180906182336-adf5a7427709/go.mod h1:VyrYX9gd7irzKovcSS6BIIEwPRkP2Wm2m9ufcdFSJ34=
github.com/pmezard/go-difflib v1.0.0 h1:4DBwDE0NGyQoBHbLQYPwSUPoCMWR5BEzIk/f1lZbAQM=
github.com/pmezard/go-difflib v1.0.0/go.mod h1:iKH77koFhYxTK1pcRnkKkqfTogsbg7gZNVY4sRDYZ/4=
github.com/stretchr/objx v0.1.0/go.mod h1:HFkY916IF+rwdDfMAkV7OtwuqBVzrE8GR6GFx+wExME=
github.com/stretchr/testify v0.0.0-20151008005503-f3960ab1f966 h1:F/UgqQBp0pC3VvIhJcMnnZukGX9vU4KipWvo4sXQRJA=
github.com/stretchr/testify v0.0.0-20151008005503-f3960ab1f966/go.mod h1:a8OnRcib4nhh0OaRAV+Yts87kKdq0PP7pXfy6kDkUVs=
github.com/stretchr/testify v1.4.0 h1:2E4SXV/wtOkTonXsotYi4li6zVWxYlZuYNCXe9XRJyk=
github.com/stretchr/testify v1.4.0/go.mod h1:j7eGeouHqKxXV5pUuKE4zz7dFj8WfuZ+81PSLYec5m4=
github.com/tarm/serial v0.0.0-20160508044007-37be519d4987 h1:PfXT9ZMgHQ1N6zKNhvucCX0Mhfp1SypiwQDkiQASzkc=
github.com/tarm/serial v0.0.0-20160508044007-37be519d4987/go.mod h1:kDXzergiv9cbyO7IOYJZWg1U88JhDg3PB6klq9Hg2pA=
github.com/tarm/serial v0.0.0-20180830185346-98f6abe2eb07 h1:UyzmZLoiDWMRywV4DUYb9Fbt8uiOSooupjTq10vpvnU=
github.com/tarm/serial v0.0.0-20180830185346-98f6abe2eb07/go.mod h1:kDXzergiv9cbyO7IOYJZWg1U88JhDg3PB6klq9Hg2pA=
github.com/tatsushid/go-fastping v0.0.0-20160109021039-d7bb493dee3e h1:nt2877sKfojlHCTOBXbpWjBkuWKritFaGIfgQwbQUls=
github.com/tatsushid/go-fastping v0.0.0-20160109021039-d7bb493dee3e/go.mod h1:B4+Kq1u5FlULTjFSM707Q6e/cOHFv0z/6QRoxubDIQ8=
github.com/technoweenie/multipartstreamer v1.0.1 h1:XRztA5MXiR1TIRHxH2uNxXxaIkKQDeX7m2XsSOlQEnM=
github.com/technoweenie/multipartstreamer v1.0.1/go.mod h1:jNVxdtShOxzAsukZwTSw6MDx5eUJoiEBsSvzDU9uzog=
golang.org/x/net v0.0.0-20170308210134-a6577fac2d73 h1:5kGFsglTK4KqaHYb/WCmYmj+Gm1+dzbilbtzruHj6dw=
golang.org/x/net v0.0.0-20170308210134-a6577fac2d73/go.mod h1:mL1N/T3taQHkDXs73rZJwtUhF3w3ftmwwsq0BUmARs4=
golang.org/x/sys v0.0.0-20190904154756-749cb33beabd h1:DBH9mDw0zluJT/R+nGuV3jWFWLFaHyYZWD4tOT+cjn0=
golang.org/x/sys v0.0.0-20190904154756-749cb33beabd/go.mod h1:h1NjWce9XRLGQEsW7wpKNCjG9DtNlClVuFLEZdDNbEs=
gopkg.in/check.v1 v0.0.0-20161208181325-20d25e280405 h1:yhCVgyC4o1eVCa2tZl7eS0r+SDo693bJlVdllGtEeKM=
gopkg.in/check.v1 v0.0.0-20161208181325-20d25e280405/go.mod h1:Co6ibVJAznAaIkqp8huTwlJQCZ016jof/cbN4VW5Yz0=
gopkg.in/telegram-bot-api.v4 v4.0.0-20161125055035-0a57807db79e h1:xzPMt8X+XFz010qsfUWc7qp4oIAkvUVoaOVYilh3Yhw=
gopkg.in/telegram-bot-api.v4 v4.0.0-20161125055035-0a57807db79e/go.mod h1:5DpGO5dbumb40px+dXcwCpcjmeHNYLpk0bp3XRNvWDM=
gopkg.in/yaml.v2 v2.2.1 h1:mUhvW9EsL+naU5Q3cakzfE91YhliOondGd6ZrsDBHQE=
gopkg.in/yaml.v2 v2.2.1/go.mod h1:hI93XBmqTisBFMUTm0b8Fm+jr3Dg1NNxqwp+5A1VGuI=
gopkg.in/yaml.v2 v2.2.2 h1:ZCJp+EgiOT7lHqUV2J862kp8Qj64Jo6az82+3Td9dZw=
gopkg.in/yaml.v2 v2.2.2/go.mod h1:hI93XBmqTisBFMUTm0b8Fm+jr3Dg1NNxqwp+5A1VGuI=
