code.google.com/p/go-uuid #35bc42037350f0078e3c974c6ea690f1926603ab
code.google.com/p/go.net #937a34c9de13c766c814510f76bca091dee06028
git.eclipse.org/gitroot/paho/org.eclipse.paho.mqtt.golang.git #3e58ec10bf2da9ef3fc639d12a0eb2e3596c2df7
github.com/barnybug/gofsm #965140687f1088ffb77ea5a178034bb0530105e2
github.com/barnybug/gogsmmodem #0d374684936b324849d168c46a06beed33d5e7c5
github.com/barnybug/gorfxtrx #540f1b87293eaaa85c138d684b7e150ab20b0247
github.com/droundy/goopt #ba8c48dd57ec277e879718f73dc7d97787204962
github.com/garyburd/redigo/redis #cca3df8fa0670249a3f746bcc062c69aeba0517c
github.com/gdamore/mangos #271babf6f292a7800626b358867cc33efc007d21
github.com/gorilla/context #1f3e8a46c5bb4c29971d9867ede6e198ca5eddce
github.com/gorilla/handlers #d7b4c587772859d1b40531646d5dc4eb6c52afd4
github.com/gorilla/mux #0ef595e787efa95d68151570ead5c85dc2e05f91
github.com/kurrik/json #f63ef626c5ffbfcd5dd5430c18c8b2eb14593c38
github.com/kurrik/oauth1a #fc2542bc5f2532ed4a437960d2d51ff6e18a5cb6
github.com/kurrik/twittergo #7ce068b08f04d659d0c5c3a41aedd3266aa1024c
github.com/mattn/go-gtk #7acf6f728233d5af471f7c8e869ee2ef468a51b7
github.com/mattn/go-xmpp #9276abaad937502bfbbdab6f3941c6ad64f9b587
github.com/pebbe/zmq4 #a082a5f40b31599ed0aa72cdd2369154db701e85
github.com/tarm/goserial #6517d24aa8722a7540ea13405f4559a5e68c9d19
gopkg.in/v1/yaml #9f9df34309c04878acc86042b16630b0f696e1de
