# This file is autogenerated, do not edit; changes may be undone by the next 'dep ensure'.


[[projects]]
  branch = "master"
  name = "github.com/barnybug/ener314"
  packages = [".","rpio","spi"]
  revision = "64f8fd2e5639e302c3193adfd64b03cdc3c5ee0c"

[[projects]]
  branch = "master"
  name = "github.com/barnybug/go-cast"
  packages = [".","api","controllers","discovery","events","log","net"]
  revision = "3896d2c05eb1917a4d0356a014b8823ea0244d8b"

[[projects]]
  branch = "master"
  name = "github.com/barnybug/gofsm"
  packages = ["."]
  revision = "fc5a2da99ee6b348d275618f3e4514e2b064fa03"

[[projects]]
  branch = "master"
  name = "github.com/barnybug/gogsmmodem"
  packages = ["."]
  revision = "a49dbc25a14698dd427cf328fb4a1b9117f20387"

[[projects]]
  branch = "master"
  name = "github.com/barnybug/gorfxtrx"
  packages = ["."]
  revision = "7fd52fdc43a0498a7735c44b46ac67fbafb02041"

[[projects]]
  branch = "master"
  name = "github.com/barnybug/miflora"
  packages = ["."]
  revision = "a1f9c5226e324d77448ed6de8ce86123906bf6c6"

[[projects]]
  branch = "master"
  name = "github.com/chbmuc/lirc"
  packages = ["."]
  revision = "f5796a80dd2b16ffa1cbc5317b3d420af1547de8"

[[projects]]
  name = "github.com/eclipse/paho.mqtt.golang"
  packages = [".","packets"]
  revision = "45f9b18f4864c81d49c3ed01e5faec9eeb05de31"
  version = "v1.0.0"

[[projects]]
  branch = "master"
  name = "github.com/edgard/yeelight"
  packages = ["."]
  revision = "c32a2f3eb57cf9482fbcca1a2223391237886100"

[[projects]]
  name = "github.com/garyburd/redigo"
  packages = ["internal","redis"]
  revision = "433969511232c397de61b1442f9fd49ec06ae9ba"
  version = "v1.1.0"

[[projects]]
  name = "github.com/gdamore/mangos"
  packages = [".","protocol/pub","protocol/sub","transport/inproc","transport/tcp"]
  revision = "7e2b8010de3b57f5880ae5b8201067fd943e3202"
  version = "v1.2.0"

[[projects]]
  name = "github.com/go-mangos/mangos"
  packages = ["."]
  revision = "7e2b8010de3b57f5880ae5b8201067fd943e3202"
  version = "v1.2.0"

[[projects]]
  branch = "master"
  name = "github.com/gogo/protobuf"
  packages = ["proto"]
  revision = "f4cc07910fc38f5b6b8d6e75d7457cf504157b6c"

[[projects]]
  name = "github.com/gorilla/context"
  packages = ["."]
  revision = "1f3e8a46c5bb4c29971d9867ede6e198ca5eddce"

[[projects]]
  name = "github.com/gorilla/mux"
  packages = ["."]
  revision = "0ef595e787efa95d68151570ead5c85dc2e05f91"

[[projects]]
  branch = "master"
  name = "github.com/hashicorp/go.net"
  packages = ["internal/iana","ipv4","ipv6"]
  revision = "104dcad90073cd8d1e6828b2af19185b60cf3e29"

[[projects]]
  branch = "master"
  name = "github.com/hashicorp/mdns"
  packages = ["."]
  revision = "4e527d9d808175f132f949523e640c699e4253bb"

[[projects]]
  branch = "master"
  name = "github.com/kurrik/json"
  packages = ["."]
  revision = "f63ef626c5ffbfcd5dd5430c18c8b2eb14593c38"

[[projects]]
  branch = "master"
  name = "github.com/kurrik/oauth1a"
  packages = ["."]
  revision = "cb1b80e32dd4385099f8d09312e4bcf6bdc993ec"

[[projects]]
  branch = "master"
  name = "github.com/kurrik/twittergo"
  packages = ["."]
  revision = "c62b9397a6285e5792f91389f063940bb25031f8"

[[projects]]
  branch = "master"
  name = "github.com/mattn/go-xmpp"
  packages = ["."]
  revision = "906d9d747d2b4c59e60104678b62e464dd1623cf"

[[projects]]
  branch = "master"
  name = "github.com/mdlayher/apcupsd"
  packages = ["."]
  revision = "888a66ab0fe0e6366797886a163ca8fc9b7f4154"

[[projects]]
  branch = "master"
  name = "github.com/miekg/dns"
  packages = ["."]
  revision = "0c23f842c83e407f164c4dedae10077fef3612fe"

[[projects]]
  branch = "master"
  name = "github.com/mitsuse/pushbullet-go"
  packages = [".","requests","responses"]
  revision = "5a1d8dd906e1c219bc93570340a0c76239a99dba"

[[projects]]
  branch = "master"
  name = "github.com/nlopes/slack"
  packages = ["."]
  revision = "f243c7602fdf906248fc1f165284daa4e4d2d09e"

[[projects]]
  name = "github.com/stianeikeland/go-rpio"
  packages = ["."]
  revision = "896db2ee1c7f95240dd6a09e56edf9cece107a34"
  version = "v3.0.0"

[[projects]]
  branch = "master"
  name = "github.com/stretchr/testify"
  packages = ["assert","require"]
  revision = "f3960ab1f9664ecc4e27c78af27cc9063d745a43"

[[projects]]
  branch = "master"
  name = "github.com/tarm/serial"
  packages = ["."]
  revision = "37be519d49878d0098e34fb614136b81e6c87861"

[[projects]]
  branch = "master"
  name = "github.com/tatsushid/go-fastping"
  packages = ["."]
  revision = "d7bb493dee3e090e2ffb6914adddf17c1e7c026c"

[[projects]]
  name = "github.com/technoweenie/multipartstreamer"
  packages = ["."]
  revision = "a90a01d73ae432e2611d178c18367fbaa13e0154"
  version = "v1.0.1"

[[projects]]
  branch = "master"
  name = "golang.org/x/net"
  packages = ["bpf","context","icmp","internal/iana","internal/netreflect","ipv4","ipv6","websocket"]
  revision = "a6577fac2d73be281a500b310739095313165611"

[[projects]]
  name = "gopkg.in/telegram-bot-api.v4"
  packages = ["."]
  revision = "0a57807db79efce7f6719fbb2c0e0f83fda79aec"
  version = "v4.6"

[[projects]]
  branch = "v1"
  name = "gopkg.in/yaml.v1"
  packages = ["."]
  revision = "9f9df34309c04878acc86042b16630b0f696e1de"

[solve-meta]
  analyzer-name = "dep"
  analyzer-version = 1
  inputs-digest = "67ee9e34ad62d2db5b63d0292226174b3a7a5ec68ff81d3d251b80b7d0013452"
  solver-name = "gps-cdcl"
  solver-version = 1
